
Microsoft Visual Studio Solution File, Format Version 12.00
# Visual Studio Version 17
VisualStudioVersion = 17.0.31903.59
MinimumVisualStudioVersion = 10.0.40219.1
Project("{2150E333-8FDC-42A3-9474-1A3956D46DE8}") = "Playground", "Playground", "{12E5C810-18C6-BE57-4EA6-3F3BE821652E}"
EndProject
Project("{FAE04EC0-301F-11D3-BF4B-00C04F79EFBC}") = "ConsoleApp1", "Playground\ConsoleApp1\ConsoleApp1.csproj", "{6CB3543E-A508-430D-8DD8-38929B7A7210}"
EndProject
Project("{FAE04EC0-301F-11D3-BF4B-00C04F79EFBC}") = "ConsoleApp2", "Playground\ConsoleApp2\ConsoleApp2.csproj", "{3ADA83CD-8754-43EE-BB11-9479DAB94497}"
EndProject
Project("{2150E333-8FDC-42A3-9474-1A3956D46DE8}") = "Exercise", "Exercise", "{40F14EFD-693D-8FBE-E591-9170110BD6A1}"
EndProject
Project("{FAE04EC0-301F-11D3-BF4B-00C04F79EFBC}") = "2-Queue", "Exercise\2-Queue\2-Queue.csproj", "{838C3F7F-EE21-473F-BDD7-A14434A47F92}"
EndProject
Project("{FAE04EC0-301F-11D3-BF4B-00C04F79EFBC}") = "1-FooBar", "Exercise\1-FooBar\1-FooBar.csproj", "{9EA16749-82F9-4BBF-8755-5C0EB8D05785}"
EndProject
Project("{2150E333-8FDC-42A3-9474-1A3956D46DE8}") = "Practice", "Practice", "{127A51EF-6FFE-48F3-870D-FC5AFC587DCD}"
EndProject
Project("{2150E333-8FDC-42A3-9474-1A3956D46DE8}") = "01-C# Language Basic", "01-C# Language Basic", "{17F23F1D-93F1-4A66-821E-867CB1F5C610}"
EndProject
Project("{FAE04EC0-301F-11D3-BF4B-00C04F79EFBC}") = "Syntax", "Practice\01-C# Language Basic\01-Syntax\Syntax.csproj", "{5F64CC45-CBF4-4EDF-8644-B631FBCAB8A3}"
EndProject
Project("{FAE04EC0-301F-11D3-BF4B-00C04F79EFBC}") = "Type Basics", "Practice\01-C# Language Basic\02-Type Basics\Type Basics.csproj", "{640AA5EA-C64F-47FB-866C-F9A3F987E39B}"
EndProject
Project("{FAE04EC0-301F-11D3-BF4B-00C04F79EFBC}") = "Numeric Types", "Practice\01-C# Language Basic\03-Numeric Types\Numeric Types.csproj", "{486992E0-C020-4D67-92D3-2FFD86379735}"
EndProject
Project("{FAE04EC0-301F-11D3-BF4B-00C04F79EFBC}") = "Boolean Type and Operators", "Practice\01-C# Language Basic\04-Boolean Type and Operators\Boolean Type and Operators.csproj", "{221D4EC1-7DC1-4BC6-8457-87F2FCAFE2D1}"
EndProject
Project("{FAE04EC0-301F-11D3-BF4B-00C04F79EFBC}") = "Strings and Characters", "Practice\01-C# Language Basic\05-Strings and Characters\Strings and Characters.csproj", "{C405A02D-06B0-4D4F-B6A3-1004A4A785C4}"
EndProject
Project("{FAE04EC0-301F-11D3-BF4B-00C04F79EFBC}") = "Arrays", "Practice\01-C# Language Basic\06-Arrays\Arrays.csproj", "{289A0390-1DB8-4234-BC39-7E10E80B9FE9}"
EndProject
Project("{FAE04EC0-301F-11D3-BF4B-00C04F79EFBC}") = "Variables and Parameters", "Practice\01-C# Language Basic\07-Variables and Parameters\Variables and Parameters.csproj", "{C8E39ADF-6FF6-4DA9-98C1-372EF3CC54DA}"
EndProject
Project("{FAE04EC0-301F-11D3-BF4B-00C04F79EFBC}") = "Expressions and Operators", "Practice\01-C# Language Basic\08-Expressions and Operators\Expressions and Operators.csproj", "{A7DC79A9-C5EC-4D91-B691-FFB36C328225}"
EndProject
Project("{FAE04EC0-301F-11D3-BF4B-00C04F79EFBC}") = "Null Operators", "Practice\01-C# Language Basic\09-Null Operators\Null Operators.csproj", "{281A7EB6-5A83-4FC1-819B-CCCCC6C8DF63}"
EndProject
Project("{FAE04EC0-301F-11D3-BF4B-00C04F79EFBC}") = "Statements", "Practice\01-C# Language Basic\10-Statements\Statements.csproj", "{1005AF4B-5E90-4871-8FE5-827E28D1D143}"
EndProject
Project("{FAE04EC0-301F-11D3-BF4B-00C04F79EFBC}") = "Namespaces", "Practice\01-C# Language Basic\11-Namespaces\Namespaces.csproj", "{1BD7F261-DF35-4961-820C-E4F5DC7DA9AE}"
EndProject
Project("{2150E333-8FDC-42A3-9474-1A3956D46DE8}") = "02-Creating Types in C#", "02-Creating Types in C#", "{AC4EEB5C-B98C-44C1-A993-D76283A7072B}"
EndProject
Project("{FAE04EC0-301F-11D3-BF4B-00C04F79EFBC}") = "Classes", "Practice\02-Creating Types in C#\Classes\Classes.csproj", "{A4A5D8E2-8EBB-4A79-9BCF-937021D9B730}"
EndProject
Project("{FAE04EC0-301F-11D3-BF4B-00C04F79EFBC}") = "3-Stack", "Exercise\3-Stack\3-Stack.csproj", "{EE25C733-7352-4043-8E6F-B1226B1B6970}"
EndProject
Global
	GlobalSection(SolutionConfigurationPlatforms) = preSolution
		Debug|Any CPU = Debug|Any CPU
		Debug|x64 = Debug|x64
		Debug|x86 = Debug|x86
		Release|Any CPU = Release|Any CPU
		Release|x64 = Release|x64
		Release|x86 = Release|x86
	EndGlobalSection
	GlobalSection(ProjectConfigurationPlatforms) = postSolution
		{6CB3543E-A508-430D-8DD8-38929B7A7210}.Debug|Any CPU.ActiveCfg = Debug|Any CPU
		{6CB3543E-A508-430D-8DD8-38929B7A7210}.Debug|Any CPU.Build.0 = Debug|Any CPU
		{6CB3543E-A508-430D-8DD8-38929B7A7210}.Debug|x64.ActiveCfg = Debug|Any CPU
		{6CB3543E-A508-430D-8DD8-38929B7A7210}.Debug|x64.Build.0 = Debug|Any CPU
		{6CB3543E-A508-430D-8DD8-38929B7A7210}.Debug|x86.ActiveCfg = Debug|Any CPU
		{6CB3543E-A508-430D-8DD8-38929B7A7210}.Debug|x86.Build.0 = Debug|Any CPU
		{6CB3543E-A508-430D-8DD8-38929B7A7210}.Release|Any CPU.ActiveCfg = Release|Any CPU
		{6CB3543E-A508-430D-8DD8-38929B7A7210}.Release|Any CPU.Build.0 = Release|Any CPU
		{6CB3543E-A508-430D-8DD8-38929B7A7210}.Release|x64.ActiveCfg = Release|Any CPU
		{6CB3543E-A508-430D-8DD8-38929B7A7210}.Release|x64.Build.0 = Release|Any CPU
		{6CB3543E-A508-430D-8DD8-38929B7A7210}.Release|x86.ActiveCfg = Release|Any CPU
		{6CB3543E-A508-430D-8DD8-38929B7A7210}.Release|x86.Build.0 = Release|Any CPU
		{3ADA83CD-8754-43EE-BB11-9479DAB94497}.Debug|Any CPU.ActiveCfg = Debug|Any CPU
		{3ADA83CD-8754-43EE-BB11-9479DAB94497}.Debug|Any CPU.Build.0 = Debug|Any CPU
		{3ADA83CD-8754-43EE-BB11-9479DAB94497}.Debug|x64.ActiveCfg = Debug|Any CPU
		{3ADA83CD-8754-43EE-BB11-9479DAB94497}.Debug|x64.Build.0 = Debug|Any CPU
		{3ADA83CD-8754-43EE-BB11-9479DAB94497}.Debug|x86.ActiveCfg = Debug|Any CPU
		{3ADA83CD-8754-43EE-BB11-9479DAB94497}.Debug|x86.Build.0 = Debug|Any CPU
		{3ADA83CD-8754-43EE-BB11-9479DAB94497}.Release|Any CPU.ActiveCfg = Release|Any CPU
		{3ADA83CD-8754-43EE-BB11-9479DAB94497}.Release|Any CPU.Build.0 = Release|Any CPU
		{3ADA83CD-8754-43EE-BB11-9479DAB94497}.Release|x64.ActiveCfg = Release|Any CPU
		{3ADA83CD-8754-43EE-BB11-9479DAB94497}.Release|x64.Build.0 = Release|Any CPU
		{3ADA83CD-8754-43EE-BB11-9479DAB94497}.Release|x86.ActiveCfg = Release|Any CPU
		{3ADA83CD-8754-43EE-BB11-9479DAB94497}.Release|x86.Build.0 = Release|Any CPU
		{838C3F7F-EE21-473F-BDD7-A14434A47F92}.Debug|Any CPU.ActiveCfg = Debug|Any CPU
		{838C3F7F-EE21-473F-BDD7-A14434A47F92}.Debug|Any CPU.Build.0 = Debug|Any CPU
		{838C3F7F-EE21-473F-BDD7-A14434A47F92}.Debug|x64.ActiveCfg = Debug|Any CPU
		{838C3F7F-EE21-473F-BDD7-A14434A47F92}.Debug|x64.Build.0 = Debug|Any CPU
		{838C3F7F-EE21-473F-BDD7-A14434A47F92}.Debug|x86.ActiveCfg = Debug|Any CPU
		{838C3F7F-EE21-473F-BDD7-A14434A47F92}.Debug|x86.Build.0 = Debug|Any CPU
		{838C3F7F-EE21-473F-BDD7-A14434A47F92}.Release|Any CPU.ActiveCfg = Release|Any CPU
		{838C3F7F-EE21-473F-BDD7-A14434A47F92}.Release|Any CPU.Build.0 = Release|Any CPU
		{838C3F7F-EE21-473F-BDD7-A14434A47F92}.Release|x64.ActiveCfg = Release|Any CPU
		{838C3F7F-EE21-473F-BDD7-A14434A47F92}.Release|x64.Build.0 = Release|Any CPU
		{838C3F7F-EE21-473F-BDD7-A14434A47F92}.Release|x86.ActiveCfg = Release|Any CPU
		{838C3F7F-EE21-473F-BDD7-A14434A47F92}.Release|x86.Build.0 = Release|Any CPU
		{9EA16749-82F9-4BBF-8755-5C0EB8D05785}.Debug|Any CPU.ActiveCfg = Debug|Any CPU
		{9EA16749-82F9-4BBF-8755-5C0EB8D05785}.Debug|Any CPU.Build.0 = Debug|Any CPU
		{9EA16749-82F9-4BBF-8755-5C0EB8D05785}.Debug|x64.ActiveCfg = Debug|Any CPU
		{9EA16749-82F9-4BBF-8755-5C0EB8D05785}.Debug|x64.Build.0 = Debug|Any CPU
		{9EA16749-82F9-4BBF-8755-5C0EB8D05785}.Debug|x86.ActiveCfg = Debug|Any CPU
		{9EA16749-82F9-4BBF-8755-5C0EB8D05785}.Debug|x86.Build.0 = Debug|Any CPU
		{9EA16749-82F9-4BBF-8755-5C0EB8D05785}.Release|Any CPU.ActiveCfg = Release|Any CPU
		{9EA16749-82F9-4BBF-8755-5C0EB8D05785}.Release|Any CPU.Build.0 = Release|Any CPU
		{9EA16749-82F9-4BBF-8755-5C0EB8D05785}.Release|x64.ActiveCfg = Release|Any CPU
		{9EA16749-82F9-4BBF-8755-5C0EB8D05785}.Release|x64.Build.0 = Release|Any CPU
		{9EA16749-82F9-4BBF-8755-5C0EB8D05785}.Release|x86.ActiveCfg = Release|Any CPU
		{9EA16749-82F9-4BBF-8755-5C0EB8D05785}.Release|x86.Build.0 = Release|Any CPU
		{5F64CC45-CBF4-4EDF-8644-B631FBCAB8A3}.Debug|Any CPU.ActiveCfg = Debug|Any CPU
		{5F64CC45-CBF4-4EDF-8644-B631FBCAB8A3}.Debug|Any CPU.Build.0 = Debug|Any CPU
		{5F64CC45-CBF4-4EDF-8644-B631FBCAB8A3}.Debug|x64.ActiveCfg = Debug|Any CPU
		{5F64CC45-CBF4-4EDF-8644-B631FBCAB8A3}.Debug|x64.Build.0 = Debug|Any CPU
		{5F64CC45-CBF4-4EDF-8644-B631FBCAB8A3}.Debug|x86.ActiveCfg = Debug|Any CPU
		{5F64CC45-CBF4-4EDF-8644-B631FBCAB8A3}.Debug|x86.Build.0 = Debug|Any CPU
		{5F64CC45-CBF4-4EDF-8644-B631FBCAB8A3}.Release|Any CPU.ActiveCfg = Release|Any CPU
		{5F64CC45-CBF4-4EDF-8644-B631FBCAB8A3}.Release|Any CPU.Build.0 = Release|Any CPU
		{5F64CC45-CBF4-4EDF-8644-B631FBCAB8A3}.Release|x64.ActiveCfg = Release|Any CPU
		{5F64CC45-CBF4-4EDF-8644-B631FBCAB8A3}.Release|x64.Build.0 = Release|Any CPU
		{5F64CC45-CBF4-4EDF-8644-B631FBCAB8A3}.Release|x86.ActiveCfg = Release|Any CPU
		{5F64CC45-CBF4-4EDF-8644-B631FBCAB8A3}.Release|x86.Build.0 = Release|Any CPU
		{640AA5EA-C64F-47FB-866C-F9A3F987E39B}.Debug|Any CPU.ActiveCfg = Debug|Any CPU
		{640AA5EA-C64F-47FB-866C-F9A3F987E39B}.Debug|Any CPU.Build.0 = Debug|Any CPU
		{640AA5EA-C64F-47FB-866C-F9A3F987E39B}.Debug|x64.ActiveCfg = Debug|Any CPU
		{640AA5EA-C64F-47FB-866C-F9A3F987E39B}.Debug|x64.Build.0 = Debug|Any CPU
		{640AA5EA-C64F-47FB-866C-F9A3F987E39B}.Debug|x86.ActiveCfg = Debug|Any CPU
		{640AA5EA-C64F-47FB-866C-F9A3F987E39B}.Debug|x86.Build.0 = Debug|Any CPU
		{640AA5EA-C64F-47FB-866C-F9A3F987E39B}.Release|Any CPU.ActiveCfg = Release|Any CPU
		{640AA5EA-C64F-47FB-866C-F9A3F987E39B}.Release|Any CPU.Build.0 = Release|Any CPU
		{640AA5EA-C64F-47FB-866C-F9A3F987E39B}.Release|x64.ActiveCfg = Release|Any CPU
		{640AA5EA-C64F-47FB-866C-F9A3F987E39B}.Release|x64.Build.0 = Release|Any CPU
		{640AA5EA-C64F-47FB-866C-F9A3F987E39B}.Release|x86.ActiveCfg = Release|Any CPU
		{640AA5EA-C64F-47FB-866C-F9A3F987E39B}.Release|x86.Build.0 = Release|Any CPU
		{486992E0-C020-4D67-92D3-2FFD86379735}.Debug|Any CPU.ActiveCfg = Debug|Any CPU
		{486992E0-C020-4D67-92D3-2FFD86379735}.Debug|Any CPU.Build.0 = Debug|Any CPU
		{486992E0-C020-4D67-92D3-2FFD86379735}.Debug|x64.ActiveCfg = Debug|Any CPU
		{486992E0-C020-4D67-92D3-2FFD86379735}.Debug|x64.Build.0 = Debug|Any CPU
		{486992E0-C020-4D67-92D3-2FFD86379735}.Debug|x86.ActiveCfg = Debug|Any CPU
		{486992E0-C020-4D67-92D3-2FFD86379735}.Debug|x86.Build.0 = Debug|Any CPU
		{486992E0-C020-4D67-92D3-2FFD86379735}.Release|Any CPU.ActiveCfg = Release|Any CPU
		{486992E0-C020-4D67-92D3-2FFD86379735}.Release|Any CPU.Build.0 = Release|Any CPU
		{486992E0-C020-4D67-92D3-2FFD86379735}.Release|x64.ActiveCfg = Release|Any CPU
		{486992E0-C020-4D67-92D3-2FFD86379735}.Release|x64.Build.0 = Release|Any CPU
		{486992E0-C020-4D67-92D3-2FFD86379735}.Release|x86.ActiveCfg = Release|Any CPU
		{486992E0-C020-4D67-92D3-2FFD86379735}.Release|x86.Build.0 = Release|Any CPU
		{221D4EC1-7DC1-4BC6-8457-87F2FCAFE2D1}.Debug|Any CPU.ActiveCfg = Debug|Any CPU
		{221D4EC1-7DC1-4BC6-8457-87F2FCAFE2D1}.Debug|Any CPU.Build.0 = Debug|Any CPU
		{221D4EC1-7DC1-4BC6-8457-87F2FCAFE2D1}.Debug|x64.ActiveCfg = Debug|Any CPU
		{221D4EC1-7DC1-4BC6-8457-87F2FCAFE2D1}.Debug|x64.Build.0 = Debug|Any CPU
		{221D4EC1-7DC1-4BC6-8457-87F2FCAFE2D1}.Debug|x86.ActiveCfg = Debug|Any CPU
		{221D4EC1-7DC1-4BC6-8457-87F2FCAFE2D1}.Debug|x86.Build.0 = Debug|Any CPU
		{221D4EC1-7DC1-4BC6-8457-87F2FCAFE2D1}.Release|Any CPU.ActiveCfg = Release|Any CPU
		{221D4EC1-7DC1-4BC6-8457-87F2FCAFE2D1}.Release|Any CPU.Build.0 = Release|Any CPU
		{221D4EC1-7DC1-4BC6-8457-87F2FCAFE2D1}.Release|x64.ActiveCfg = Release|Any CPU
		{221D4EC1-7DC1-4BC6-8457-87F2FCAFE2D1}.Release|x64.Build.0 = Release|Any CPU
		{221D4EC1-7DC1-4BC6-8457-87F2FCAFE2D1}.Release|x86.ActiveCfg = Release|Any CPU
		{221D4EC1-7DC1-4BC6-8457-87F2FCAFE2D1}.Release|x86.Build.0 = Release|Any CPU
		{C405A02D-06B0-4D4F-B6A3-1004A4A785C4}.Debug|Any CPU.ActiveCfg = Debug|Any CPU
		{C405A02D-06B0-4D4F-B6A3-1004A4A785C4}.Debug|Any CPU.Build.0 = Debug|Any CPU
		{C405A02D-06B0-4D4F-B6A3-1004A4A785C4}.Debug|x64.ActiveCfg = Debug|Any CPU
		{C405A02D-06B0-4D4F-B6A3-1004A4A785C4}.Debug|x64.Build.0 = Debug|Any CPU
		{C405A02D-06B0-4D4F-B6A3-1004A4A785C4}.Debug|x86.ActiveCfg = Debug|Any CPU
		{C405A02D-06B0-4D4F-B6A3-1004A4A785C4}.Debug|x86.Build.0 = Debug|Any CPU
		{C405A02D-06B0-4D4F-B6A3-1004A4A785C4}.Release|Any CPU.ActiveCfg = Release|Any CPU
		{C405A02D-06B0-4D4F-B6A3-1004A4A785C4}.Release|Any CPU.Build.0 = Release|Any CPU
		{C405A02D-06B0-4D4F-B6A3-1004A4A785C4}.Release|x64.ActiveCfg = Release|Any CPU
		{C405A02D-06B0-4D4F-B6A3-1004A4A785C4}.Release|x64.Build.0 = Release|Any CPU
		{C405A02D-06B0-4D4F-B6A3-1004A4A785C4}.Release|x86.ActiveCfg = Release|Any CPU
		{C405A02D-06B0-4D4F-B6A3-1004A4A785C4}.Release|x86.Build.0 = Release|Any CPU
		{289A0390-1DB8-4234-BC39-7E10E80B9FE9}.Debug|Any CPU.ActiveCfg = Debug|Any CPU
		{289A0390-1DB8-4234-BC39-7E10E80B9FE9}.Debug|Any CPU.Build.0 = Debug|Any CPU
		{289A0390-1DB8-4234-BC39-7E10E80B9FE9}.Debug|x64.ActiveCfg = Debug|Any CPU
		{289A0390-1DB8-4234-BC39-7E10E80B9FE9}.Debug|x64.Build.0 = Debug|Any CPU
		{289A0390-1DB8-4234-BC39-7E10E80B9FE9}.Debug|x86.ActiveCfg = Debug|Any CPU
		{289A0390-1DB8-4234-BC39-7E10E80B9FE9}.Debug|x86.Build.0 = Debug|Any CPU
		{289A0390-1DB8-4234-BC39-7E10E80B9FE9}.Release|Any CPU.ActiveCfg = Release|Any CPU
		{289A0390-1DB8-4234-BC39-7E10E80B9FE9}.Release|Any CPU.Build.0 = Release|Any CPU
		{289A0390-1DB8-4234-BC39-7E10E80B9FE9}.Release|x64.ActiveCfg = Release|Any CPU
		{289A0390-1DB8-4234-BC39-7E10E80B9FE9}.Release|x64.Build.0 = Release|Any CPU
		{289A0390-1DB8-4234-BC39-7E10E80B9FE9}.Release|x86.ActiveCfg = Release|Any CPU
		{289A0390-1DB8-4234-BC39-7E10E80B9FE9}.Release|x86.Build.0 = Release|Any CPU
		{C8E39ADF-6FF6-4DA9-98C1-372EF3CC54DA}.Debug|Any CPU.ActiveCfg = Debug|Any CPU
		{C8E39ADF-6FF6-4DA9-98C1-372EF3CC54DA}.Debug|Any CPU.Build.0 = Debug|Any CPU
		{C8E39ADF-6FF6-4DA9-98C1-372EF3CC54DA}.Debug|x64.ActiveCfg = Debug|Any CPU
		{C8E39ADF-6FF6-4DA9-98C1-372EF3CC54DA}.Debug|x64.Build.0 = Debug|Any CPU
		{C8E39ADF-6FF6-4DA9-98C1-372EF3CC54DA}.Debug|x86.ActiveCfg = Debug|Any CPU
		{C8E39ADF-6FF6-4DA9-98C1-372EF3CC54DA}.Debug|x86.Build.0 = Debug|Any CPU
		{C8E39ADF-6FF6-4DA9-98C1-372EF3CC54DA}.Release|Any CPU.ActiveCfg = Release|Any CPU
		{C8E39ADF-6FF6-4DA9-98C1-372EF3CC54DA}.Release|Any CPU.Build.0 = Release|Any CPU
		{C8E39ADF-6FF6-4DA9-98C1-372EF3CC54DA}.Release|x64.ActiveCfg = Release|Any CPU
		{C8E39ADF-6FF6-4DA9-98C1-372EF3CC54DA}.Release|x64.Build.0 = Release|Any CPU
		{C8E39ADF-6FF6-4DA9-98C1-372EF3CC54DA}.Release|x86.ActiveCfg = Release|Any CPU
		{C8E39ADF-6FF6-4DA9-98C1-372EF3CC54DA}.Release|x86.Build.0 = Release|Any CPU
		{A7DC79A9-C5EC-4D91-B691-FFB36C328225}.Debug|Any CPU.ActiveCfg = Debug|Any CPU
		{A7DC79A9-C5EC-4D91-B691-FFB36C328225}.Debug|Any CPU.Build.0 = Debug|Any CPU
		{A7DC79A9-C5EC-4D91-B691-FFB36C328225}.Debug|x64.ActiveCfg = Debug|Any CPU
		{A7DC79A9-C5EC-4D91-B691-FFB36C328225}.Debug|x64.Build.0 = Debug|Any CPU
		{A7DC79A9-C5EC-4D91-B691-FFB36C328225}.Debug|x86.ActiveCfg = Debug|Any CPU
		{A7DC79A9-C5EC-4D91-B691-FFB36C328225}.Debug|x86.Build.0 = Debug|Any CPU
		{A7DC79A9-C5EC-4D91-B691-FFB36C328225}.Release|Any CPU.ActiveCfg = Release|Any CPU
		{A7DC79A9-C5EC-4D91-B691-FFB36C328225}.Release|Any CPU.Build.0 = Release|Any CPU
		{A7DC79A9-C5EC-4D91-B691-FFB36C328225}.Release|x64.ActiveCfg = Release|Any CPU
		{A7DC79A9-C5EC-4D91-B691-FFB36C328225}.Release|x64.Build.0 = Release|Any CPU
		{A7DC79A9-C5EC-4D91-B691-FFB36C328225}.Release|x86.ActiveCfg = Release|Any CPU
		{A7DC79A9-C5EC-4D91-B691-FFB36C328225}.Release|x86.Build.0 = Release|Any CPU
		{281A7EB6-5A83-4FC1-819B-CCCCC6C8DF63}.Debug|Any CPU.ActiveCfg = Debug|Any CPU
		{281A7EB6-5A83-4FC1-819B-CCCCC6C8DF63}.Debug|Any CPU.Build.0 = Debug|Any CPU
		{281A7EB6-5A83-4FC1-819B-CCCCC6C8DF63}.Debug|x64.ActiveCfg = Debug|Any CPU
		{281A7EB6-5A83-4FC1-819B-CCCCC6C8DF63}.Debug|x64.Build.0 = Debug|Any CPU
		{281A7EB6-5A83-4FC1-819B-CCCCC6C8DF63}.Debug|x86.ActiveCfg = Debug|Any CPU
		{281A7EB6-5A83-4FC1-819B-CCCCC6C8DF63}.Debug|x86.Build.0 = Debug|Any CPU
		{281A7EB6-5A83-4FC1-819B-CCCCC6C8DF63}.Release|Any CPU.ActiveCfg = Release|Any CPU
		{281A7EB6-5A83-4FC1-819B-CCCCC6C8DF63}.Release|Any CPU.Build.0 = Release|Any CPU
		{281A7EB6-5A83-4FC1-819B-CCCCC6C8DF63}.Release|x64.ActiveCfg = Release|Any CPU
		{281A7EB6-5A83-4FC1-819B-CCCCC6C8DF63}.Release|x64.Build.0 = Release|Any CPU
		{281A7EB6-5A83-4FC1-819B-CCCCC6C8DF63}.Release|x86.ActiveCfg = Release|Any CPU
		{281A7EB6-5A83-4FC1-819B-CCCCC6C8DF63}.Release|x86.Build.0 = Release|Any CPU
		{1005AF4B-5E90-4871-8FE5-827E28D1D143}.Debug|Any CPU.ActiveCfg = Debug|Any CPU
		{1005AF4B-5E90-4871-8FE5-827E28D1D143}.Debug|Any CPU.Build.0 = Debug|Any CPU
		{1005AF4B-5E90-4871-8FE5-827E28D1D143}.Debug|x64.ActiveCfg = Debug|Any CPU
		{1005AF4B-5E90-4871-8FE5-827E28D1D143}.Debug|x64.Build.0 = Debug|Any CPU
		{1005AF4B-5E90-4871-8FE5-827E28D1D143}.Debug|x86.ActiveCfg = Debug|Any CPU
		{1005AF4B-5E90-4871-8FE5-827E28D1D143}.Debug|x86.Build.0 = Debug|Any CPU
		{1005AF4B-5E90-4871-8FE5-827E28D1D143}.Release|Any CPU.ActiveCfg = Release|Any CPU
		{1005AF4B-5E90-4871-8FE5-827E28D1D143}.Release|Any CPU.Build.0 = Release|Any CPU
		{1005AF4B-5E90-4871-8FE5-827E28D1D143}.Release|x64.ActiveCfg = Release|Any CPU
		{1005AF4B-5E90-4871-8FE5-827E28D1D143}.Release|x64.Build.0 = Release|Any CPU
		{1005AF4B-5E90-4871-8FE5-827E28D1D143}.Release|x86.ActiveCfg = Release|Any CPU
		{1005AF4B-5E90-4871-8FE5-827E28D1D143}.Release|x86.Build.0 = Release|Any CPU
		{1BD7F261-DF35-4961-820C-E4F5DC7DA9AE}.Debug|Any CPU.ActiveCfg = Debug|Any CPU
		{1BD7F261-DF35-4961-820C-E4F5DC7DA9AE}.Debug|Any CPU.Build.0 = Debug|Any CPU
		{1BD7F261-DF35-4961-820C-E4F5DC7DA9AE}.Debug|x64.ActiveCfg = Debug|Any CPU
		{1BD7F261-DF35-4961-820C-E4F5DC7DA9AE}.Debug|x64.Build.0 = Debug|Any CPU
		{1BD7F261-DF35-4961-820C-E4F5DC7DA9AE}.Debug|x86.ActiveCfg = Debug|Any CPU
		{1BD7F261-DF35-4961-820C-E4F5DC7DA9AE}.Debug|x86.Build.0 = Debug|Any CPU
		{1BD7F261-DF35-4961-820C-E4F5DC7DA9AE}.Release|Any CPU.ActiveCfg = Release|Any CPU
		{1BD7F261-DF35-4961-820C-E4F5DC7DA9AE}.Release|Any CPU.Build.0 = Release|Any CPU
		{1BD7F261-DF35-4961-820C-E4F5DC7DA9AE}.Release|x64.ActiveCfg = Release|Any CPU
		{1BD7F261-DF35-4961-820C-E4F5DC7DA9AE}.Release|x64.Build.0 = Release|Any CPU
		{1BD7F261-DF35-4961-820C-E4F5DC7DA9AE}.Release|x86.ActiveCfg = Release|Any CPU
		{1BD7F261-DF35-4961-820C-E4F5DC7DA9AE}.Release|x86.Build.0 = Release|Any CPU
		{A4A5D8E2-8EBB-4A79-9BCF-937021D9B730}.Debug|Any CPU.ActiveCfg = Debug|Any CPU
		{A4A5D8E2-8EBB-4A79-9BCF-937021D9B730}.Debug|Any CPU.Build.0 = Debug|Any CPU
		{A4A5D8E2-8EBB-4A79-9BCF-937021D9B730}.Debug|x64.ActiveCfg = Debug|Any CPU
		{A4A5D8E2-8EBB-4A79-9BCF-937021D9B730}.Debug|x64.Build.0 = Debug|Any CPU
		{A4A5D8E2-8EBB-4A79-9BCF-937021D9B730}.Debug|x86.ActiveCfg = Debug|Any CPU
		{A4A5D8E2-8EBB-4A79-9BCF-937021D9B730}.Debug|x86.Build.0 = Debug|Any CPU
		{A4A5D8E2-8EBB-4A79-9BCF-937021D9B730}.Release|Any CPU.ActiveCfg = Release|Any CPU
		{A4A5D8E2-8EBB-4A79-9BCF-937021D9B730}.Release|Any CPU.Build.0 = Release|Any CPU
		{A4A5D8E2-8EBB-4A79-9BCF-937021D9B730}.Release|x64.ActiveCfg = Release|Any CPU
		{A4A5D8E2-8EBB-4A79-9BCF-937021D9B730}.Release|x64.Build.0 = Release|Any CPU
		{A4A5D8E2-8EBB-4A79-9BCF-937021D9B730}.Release|x86.ActiveCfg = Release|Any CPU
		{A4A5D8E2-8EBB-4A79-9BCF-937021D9B730}.Release|x86.Build.0 = Release|Any CPU
		{EE25C733-7352-4043-8E6F-B1226B1B6970}.Debug|Any CPU.ActiveCfg = Debug|Any CPU
		{EE25C733-7352-4043-8E6F-B1226B1B6970}.Debug|Any CPU.Build.0 = Debug|Any CPU
		{EE25C733-7352-4043-8E6F-B1226B1B6970}.Debug|x64.ActiveCfg = Debug|Any CPU
		{EE25C733-7352-4043-8E6F-B1226B1B6970}.Debug|x64.Build.0 = Debug|Any CPU
		{EE25C733-7352-4043-8E6F-B1226B1B6970}.Debug|x86.ActiveCfg = Debug|Any CPU
		{EE25C733-7352-4043-8E6F-B1226B1B6970}.Debug|x86.Build.0 = Debug|Any CPU
		{EE25C733-7352-4043-8E6F-B1226B1B6970}.Release|Any CPU.ActiveCfg = Release|Any CPU
		{EE25C733-7352-4043-8E6F-B1226B1B6970}.Release|Any CPU.Build.0 = Release|Any CPU
		{EE25C733-7352-4043-8E6F-B1226B1B6970}.Release|x64.ActiveCfg = Release|Any CPU
		{EE25C733-7352-4043-8E6F-B1226B1B6970}.Release|x64.Build.0 = Release|Any CPU
		{EE25C733-7352-4043-8E6F-B1226B1B6970}.Release|x86.ActiveCfg = Release|Any CPU
		{EE25C733-7352-4043-8E6F-B1226B1B6970}.Release|x86.Build.0 = Release|Any CPU
	EndGlobalSection
	GlobalSection(SolutionProperties) = preSolution
		HideSolutionNode = FALSE
	EndGlobalSection
	GlobalSection(NestedProjects) = preSolution
		{6CB3543E-A508-430D-8DD8-38929B7A7210} = {12E5C810-18C6-BE57-4EA6-3F3BE821652E}
		{3ADA83CD-8754-43EE-BB11-9479DAB94497} = {12E5C810-18C6-BE57-4EA6-3F3BE821652E}
		{838C3F7F-EE21-473F-BDD7-A14434A47F92} = {40F14EFD-693D-8FBE-E591-9170110BD6A1}
		{9EA16749-82F9-4BBF-8755-5C0EB8D05785} = {40F14EFD-693D-8FBE-E591-9170110BD6A1}
		{17F23F1D-93F1-4A66-821E-867CB1F5C610} = {127A51EF-6FFE-48F3-870D-FC5AFC587DCD}
		{5F64CC45-CBF4-4EDF-8644-B631FBCAB8A3} = {17F23F1D-93F1-4A66-821E-867CB1F5C610}
		{640AA5EA-C64F-47FB-866C-F9A3F987E39B} = {17F23F1D-93F1-4A66-821E-867CB1F5C610}
		{486992E0-C020-4D67-92D3-2FFD86379735} = {17F23F1D-93F1-4A66-821E-867CB1F5C610}
		{221D4EC1-7DC1-4BC6-8457-87F2FCAFE2D1} = {17F23F1D-93F1-4A66-821E-867CB1F5C610}
		{C405A02D-06B0-4D4F-B6A3-1004A4A785C4} = {17F23F1D-93F1-4A66-821E-867CB1F5C610}
		{289A0390-1DB8-4234-BC39-7E10E80B9FE9} = {17F23F1D-93F1-4A66-821E-867CB1F5C610}
		{C8E39ADF-6FF6-4DA9-98C1-372EF3CC54DA} = {17F23F1D-93F1-4A66-821E-867CB1F5C610}
		{A7DC79A9-C5EC-4D91-B691-FFB36C328225} = {17F23F1D-93F1-4A66-821E-867CB1F5C610}
		{281A7EB6-5A83-4FC1-819B-CCCCC6C8DF63} = {17F23F1D-93F1-4A66-821E-867CB1F5C610}
		{1005AF4B-5E90-4871-8FE5-827E28D1D143} = {17F23F1D-93F1-4A66-821E-867CB1F5C610}
		{1BD7F261-DF35-4961-820C-E4F5DC7DA9AE} = {17F23F1D-93F1-4A66-821E-867CB1F5C610}
		{AC4EEB5C-B98C-44C1-A993-D76283A7072B} = {127A51EF-6FFE-48F3-870D-FC5AFC587DCD}
		{A4A5D8E2-8EBB-4A79-9BCF-937021D9B730} = {AC4EEB5C-B98C-44C1-A993-D76283A7072B}
		{EE25C733-7352-4043-8E6F-B1226B1B6970} = {40F14EFD-693D-8FBE-E591-9170110BD6A1}
	EndGlobalSection
EndGlobal
